// !$*UTF8*$!
{
	archiveVersion = 1;
	classes = {
	};
	objectVersion = 46;
	objects = {

/* Begin PBXBuildFile section */
		604146871C5496B300E3BDC0 /* AppDelegate.swift in Sources */ = {isa = PBXBuildFile; fileRef = 604146861C5496B300E3BDC0 /* AppDelegate.swift */; };
		604146891C5496B300E3BDC0 /* ViewController.swift in Sources */ = {isa = PBXBuildFile; fileRef = 604146881C5496B300E3BDC0 /* ViewController.swift */; };
		6041468C1C5496B300E3BDC0 /* Main.storyboard in Resources */ = {isa = PBXBuildFile; fileRef = 6041468A1C5496B300E3BDC0 /* Main.storyboard */; };
		6041468E1C5496B300E3BDC0 /* Assets.xcassets in Resources */ = {isa = PBXBuildFile; fileRef = 6041468D1C5496B300E3BDC0 /* Assets.xcassets */; };
		604146911C5496B300E3BDC0 /* LaunchScreen.storyboard in Resources */ = {isa = PBXBuildFile; fileRef = 6041468F1C5496B300E3BDC0 /* LaunchScreen.storyboard */; };
		604146991C54976D00E3BDC0 /* Scene.scn in Resources */ = {isa = PBXBuildFile; fileRef = 604146981C54976D00E3BDC0 /* Scene.scn */; };
		6041469F1C549DF300E3BDC0 /* sphere.obj in Resources */ = {isa = PBXBuildFile; fileRef = 6041469E1C549DF300E3BDC0 /* sphere.obj */; };
/* End PBXBuildFile section */

/* Begin PBXFileReference section */
		604146831C5496B300E3BDC0 /* Model IO Introduction.app */ = {isa = PBXFileReference; explicitFileType = wrapper.application; includeInIndex = 0; path = "Model IO Introduction.app"; sourceTree = BUILT_PRODUCTS_DIR; };
		604146861C5496B300E3BDC0 /* AppDelegate.swift */ = {isa = PBXFileReference; lastKnownFileType = sourcecode.swift; path = AppDelegate.swift; sourceTree = "<group>"; };
		604146881C5496B300E3BDC0 /* ViewController.swift */ = {isa = PBXFileReference; lastKnownFileType = sourcecode.swift; path = ViewController.swift; sourceTree = "<group>"; };
		6041468B1C5496B300E3BDC0 /* Base */ = {isa = PBXFileReference; lastKnownFileType = file.storyboard; name = Base; path = Base.lproj/Main.storyboard; sourceTree = "<group>"; };
		6041468D1C5496B300E3BDC0 /* Assets.xcassets */ = {isa = PBXFileReference; lastKnownFileType = folder.assetcatalog; path = Assets.xcassets; sourceTree = "<group>"; };
		604146901C5496B300E3BDC0 /* Base */ = {isa = PBXFileReference; lastKnownFileType = file.storyboard; name = Base; path = Base.lproj/LaunchScreen.storyboard; sourceTree = "<group>"; };
		604146921C5496B300E3BDC0 /* Info.plist */ = {isa = PBXFileReference; lastKnownFileType = text.plist.xml; path = Info.plist; sourceTree = "<group>"; };
		604146981C54976D00E3BDC0 /* Scene.scn */ = {isa = PBXFileReference; lastKnownFileType = file.bplist; path = Scene.scn; sourceTree = "<group>"; };
		6041469E1C549DF300E3BDC0 /* sphere.obj */ = {isa = PBXFileReference; fileEncoding = 4; lastKnownFileType = text; path = sphere.obj; sourceTree = "<group>"; };
/* End PBXFileReference section */

/* Begin PBXFrameworksBuildPhase section */
		604146801C5496B300E3BDC0 /* Frameworks */ = {
			isa = PBXFrameworksBuildPhase;
			buildActionMask = 2147483647;
			files = (
			);
			runOnlyForDeploymentPostprocessing = 0;
		};
/* End PBXFrameworksBuildPhase section */

/* Begin PBXGroup section */
		6041467A1C5496B200E3BDC0 = {
			isa = PBXGroup;
			children = (
				604146851C5496B300E3BDC0 /* Model IO Introduction */,
				604146841C5496B300E3BDC0 /* Products */,
			);
			sourceTree = "<group>";
		};
		604146841C5496B300E3BDC0 /* Products */ = {
			isa = PBXGroup;
			children = (
				604146831C5496B300E3BDC0 /* Model IO Introduction.app */,
			);
			name = Products;
			sourceTree = "<group>";
		};
		604146851C5496B300E3BDC0 /* Model IO Introduction */ = {
			isa = PBXGroup;
			children = (
				604146861C5496B300E3BDC0 /* AppDelegate.swift */,
				604146881C5496B300E3BDC0 /* ViewController.swift */,
				6041468A1C5496B300E3BDC0 /* Main.storyboard */,
				604146981C54976D00E3BDC0 /* Scene.scn */,
				6041469E1C549DF300E3BDC0 /* sphere.obj */,
				6041468D1C5496B300E3BDC0 /* Assets.xcassets */,
				6041468F1C5496B300E3BDC0 /* LaunchScreen.storyboard */,
				604146921C5496B300E3BDC0 /* Info.plist */,
			);
			path = "Model IO Introduction";
			sourceTree = "<group>";
		};
/* End PBXGroup section */

/* Begin PBXNativeTarget section */
		604146821C5496B300E3BDC0 /* Model IO Introduction */ = {
			isa = PBXNativeTarget;
			buildConfigurationList = 604146951C5496B300E3BDC0 /* Build configuration list for PBXNativeTarget "Model IO Introduction" */;
			buildPhases = (
				6041467F1C5496B300E3BDC0 /* Sources */,
				604146801C5496B300E3BDC0 /* Frameworks */,
				604146811C5496B300E3BDC0 /* Resources */,
			);
			buildRules = (
			);
			dependencies = (
			);
			name = "Model IO Introduction";
			productName = "Model IO Introduction";
			productReference = 604146831C5496B300E3BDC0 /* Model IO Introduction.app */;
			productType = "com.apple.product-type.application";
		};
/* End PBXNativeTarget section */

/* Begin PBXProject section */
		6041467B1C5496B200E3BDC0 /* Project object */ = {
			isa = PBXProject;
			attributes = {
				LastSwiftUpdateCheck = 0720;
				LastUpgradeCheck = 0720;
				ORGANIZATIONNAME = tutsplus;
				TargetAttributes = {
					604146821C5496B300E3BDC0 = {
						CreatedOnToolsVersion = 7.2;
					};
				};
			};
			buildConfigurationList = 6041467E1C5496B200E3BDC0 /* Build configuration list for PBXProject "Model IO Introduction" */;
			compatibilityVersion = "Xcode 3.2";
			developmentRegion = English;
			hasScannedForEncodings = 0;
			knownRegions = (
				en,
				Base,
			);
			mainGroup = 6041467A1C5496B200E3BDC0;
			productRefGroup = 604146841C5496B300E3BDC0 /* Products */;
			projectDirPath = "";
			projectRoot = "";
			targets = (
				604146821C5496B300E3BDC0 /* Model IO Introduction */,
			);
		};
/* End PBXProject section */

/* Begin PBXResourcesBuildPhase section */
		604146811C5496B300E3BDC0 /* Resources */ = {
			isa = PBXResourcesBuildPhase;
			buildActionMask = 2147483647;
			files = (
				604146911C5496B300E3BDC0 /* LaunchScreen.storyboard in Resources */,
				604146991C54976D00E3BDC0 /* Scene.scn in Resources */,
				6041468E1C5496B300E3BDC0 /* Assets.xcassets in Resources */,
				6041468C1C5496B300E3BDC0 /* Main.storyboard in Resources */,
				6041469F1C549DF300E3BDC0 /* sphere.obj in Resources */,
			);
			runOnlyForDeploymentPostprocessing = 0;
		};
/* End PBXResourcesBuildPhase section */

/* Begin PBXSourcesBuildPhase section */
		6041467F1C5496B300E3BDC0 /* Sources */ = {
			isa = PBXSourcesBuildPhase;
			buildActionMask = 2147483647;
			files = (
				604146891C5496B300E3BDC0 /* ViewController.swift in Sources */,
				604146871C5496B300E3BDC0 /* AppDelegate.swift in Sources */,
			);
			runOnlyForDeploymentPostprocessing = 0;
		};
/* End PBXSourcesBuildPhase section */

/* Begin PBXVariantGroup section */
		6041468A1C5496B300E3BDC0 /* Main.storyboard */ = {
			isa = PBXVariantGroup;
			children = (
				6041468B1C5496B300E3BDC0 /* Base */,
			);
			name = Main.storyboard;
			sourceTree = "<group>";
		};
		6041468F1C5496B300E3BDC0 /* LaunchScreen.storyboard */ = {
			isa = PBXVariantGroup;
			children = (
				604146901C5496B300E3BDC0 /* Base */,
			);
			name = LaunchScreen.storyboard;
			sourceTree = "<group>";
		};
/* End PBXVariantGroup section */

/* Begin XCBuildConfiguration section */
		604146931C5496B300E3BDC0 /* Debug */ = {
			isa = XCBuildConfiguration;
			buildSettings = {
				ALWAYS_SEARCH_USER_PATHS = NO;
				CLANG_CXX_LANGUAGE_STANDARD = "gnu++0x";
				CLANG_CXX_LIBRARY = "libc++";
				CLANG_ENABLE_MODULES = YES;
				CLANG_ENABLE_OBJC_ARC = YES;
				CLANG_WARN_BOOL_CONVERSION = YES;
				CLANG_WARN_CONSTANT_CONVERSION = YES;
				CLANG_WARN_DIRECT_OBJC_ISA_USAGE = YES_ERROR;
				CLANG_WARN_EMPTY_BODY = YES;
				CLANG_WARN_ENUM_CONVERSION = YES;
				CLANG_WARN_INT_CONVERSION = YES;
				CLANG_WARN_OBJC_ROOT_CLASS = YES_ERROR;
				CLANG_WARN_UNREACHABLE_CODE = YES;
				CLANG_WARN__DUPLICATE_METHOD_MATCH = YES;
				"CODE_SIGN_IDENTITY[sdk=iphoneos*]" = "iPhone Developer";
				COPY_PHASE_STRIP = NO;
				DEBUG_INFORMATION_FORMAT = dwarf;
				ENABLE_STRICT_OBJC_MSGSEND = YES;
				ENABLE_TESTABILITY = YES;
				GCC_C_LANGUAGE_STANDARD = gnu99;
				GCC_DYNAMIC_NO_PIC = NO;
				GCC_NO_COMMON_BLOCKS = YES;
				GCC_OPTIMIZATION_LEVEL = 0;
				GCC_PREPROCESSOR_DEFINITIONS = (
					"DEBUG=1",
					"$(inherited)",
				);
				GCC_WARN_64_TO_32_BIT_CONVERSION = YES;
				GCC_WARN_ABOUT_RETURN_TYPE = YES_ERROR;
				GCC_WARN_UNDECLARED_SELECTOR = YES;
				GCC_WARN_UNINITIALIZED_AUTOS = YES_AGGRESSIVE;
				GCC_WARN_UNUSED_FUNCTION = YES;
				GCC_WARN_UNUSED_VARIABLE = YES;
				IPHONEOS_DEPLOYMENT_TARGET = 9.2;
				MTL_ENABLE_DEBUG_INFO = YES;
				ONLY_ACTIVE_ARCH = YES;
				SDKROOT = iphoneos;
				SWIFT_OPTIMIZATION_LEVEL = "-Onone";
				TARGETED_DEVICE_FAMILY = "1,2";
			};
			name = Debug;
		};
		604146941C5496B300E3BDC0 /* Release */ = {
			isa = XCBuildConfiguration;
			buildSettings = {
				ALWAYS_SEARCH_USER_PATHS = NO;
				CLANG_CXX_LANGUAGE_STANDARD = "gnu++0x";
				CLANG_CXX_LIBRARY = "libc++";
				CLANG_ENABLE_MODULES = YES;
				CLANG_ENABLE_OBJC_ARC = YES;
				CLANG_WARN_BOOL_CONVERSION = YES;
				CLANG_WARN_CONSTANT_CONVERSION = YES;
				CLANG_WARN_DIRECT_OBJC_ISA_USAGE = YES_ERROR;
				CLANG_WARN_EMPTY_BODY = YES;
				CLANG_WARN_ENUM_CONVERSION = YES;
				CLANG_WARN_INT_CONVERSION = YES;
				CLANG_WARN_OBJC_ROOT_CLASS = YES_ERROR;
				CLANG_WARN_UNREACHABLE_CODE = YES;
				CLANG_WARN__DUPLICATE_METHOD_MATCH = YES;
				"CODE_SIGN_IDENTITY[sdk=iphoneos*]" = "iPhone Developer";
				COPY_PHASE_STRIP = NO;
				DEBUG_INFORMATION_FORMAT = "dwarf-with-dsym";
				ENABLE_NS_ASSERTIONS = NO;
				ENABLE_STRICT_OBJC_MSGSEND = YES;
				GCC_C_LANGUAGE_STANDARD = gnu99;
				GCC_NO_COMMON_BLOCKS = YES;
				GCC_WARN_64_TO_32_BIT_CONVERSION = YES;
				GCC_WARN_ABOUT_RETURN_TYPE = YES_ERROR;
				GCC_WARN_UNDECLARED_SELECTOR = YES;
				GCC_WARN_UNINITIALIZED_AUTOS = YES_AGGRESSIVE;
				GCC_WARN_UNUSED_FUNCTION = YES;
				GCC_WARN_UNUSED_VARIABLE = YES;
				IPHONEOS_DEPLOYMENT_TARGET = 9.2;
				MTL_ENABLE_DEBUG_INFO = NO;
				SDKROOT = iphoneos;
				TARGETED_DEVICE_FAMILY = "1,2";
				VALIDATE_PRODUCT = YES;
			};
			name = Release;
		};
		604146961C5496B300E3BDC0 /* Debug */ = {
			isa = XCBuildConfiguration;
			buildSettings = {
				ASSETCATALOG_COMPILER_APPICON_NAME = AppIcon;
				INFOPLIST_FILE = "Model IO Introduction/Info.plist";
				LD_RUNPATH_SEARCH_PATHS = "$(inherited) @executable_path/Frameworks";
				PRODUCT_BUNDLE_IDENTIFIER = "com.tutplus.Model-IO-Introduction";
				PRODUCT_NAME = "$(TARGET_NAME)";
			};
			name = Debug;
		};
		604146971C5496B300E3BDC0 /* Release */ = {
			isa = XCBuildConfiguration;
			buildSettings = {
				ASSETCATALOG_COMPILER_APPICON_NAME = AppIcon;
				INFOPLIST_FILE = "Model IO Introduction/Info.plist";
				LD_RUNPATH_SEARCH_PATHS = "$(inherited) @executable_path/Frameworks";
				PRODUCT_BUNDLE_IDENTIFIER = "com.tutplus.Model-IO-Introduction";
				PRODUCT_NAME = "$(TARGET_NAME)";
			};
			name = Release;
		};
/* End XCBuildConfiguration section */

/* Begin XCConfigurationList section */
		6041467E1C5496B200E3BDC0 /* Build configuration list for PBXProject "Model IO Introduction" */ = {
			isa = XCConfigurationList;
			buildConfigurations = (
				604146931C5496B300E3BDC0 /* Debug */,
				604146941C5496B300E3BDC0 /* Release */,
			);
			defaultConfigurationIsVisible = 0;
			defaultConfigurationName = Release;
		};
		604146951C5496B300E3BDC0 /* Build configuration list for PBXNativeTarget "Model IO Introduction" */ = {
			isa = XCConfigurationList;
			buildConfigurations = (
				604146961C5496B300E3BDC0 /* Debug */,
				604146971C5496B300E3BDC0 /* Release */,
			);
			defaultConfigurationIsVisible = 0;
		};
/* End XCConfigurationList section */
	};
	rootObject = 6041467B1C5496B200E3BDC0 /* Project object */;
}
